
Microsoft Visual Studio Solution File, Format Version 12.00
Project("{FAE04EC0-301F-11D3-BF4B-00C04F79EFBC}") = "day1", "day1\day1.csproj", "{4268D944-E72E-424D-94C8-BB2B6A15C4A3}"
EndProject
Project("{FAE04EC0-301F-11D3-BF4B-00C04F79EFBC}") = "day2", "day2\day2.csproj", "{36A2E217-5FE8-4584-A2D6-83C135C0461E}"
EndProject
Project("{FAE04EC0-301F-11D3-BF4B-00C04F79EFBC}") = "Common", "Common\Common.csproj", "{32A34410-F3BD-47AC-B79F-277876DDDE61}"
EndProject
Project("{FAE04EC0-301F-11D3-BF4B-00C04F79EFBC}") = "Tests", "Tests\Tests.csproj", "{05A1A88A-D153-4D4B-9ADC-A5436B041912}"
EndProject
Global
	GlobalSection(SolutionConfigurationPlatforms) = preSolution
		Debug|Any CPU = Debug|Any CPU
		Release|Any CPU = Release|Any CPU
	EndGlobalSection
	GlobalSection(ProjectConfigurationPlatforms) = postSolution
		{4268D944-E72E-424D-94C8-BB2B6A15C4A3}.Debug|Any CPU.ActiveCfg = Debug|Any CPU
		{4268D944-E72E-424D-94C8-BB2B6A15C4A3}.Debug|Any CPU.Build.0 = Debug|Any CPU
		{4268D944-E72E-424D-94C8-BB2B6A15C4A3}.Release|Any CPU.ActiveCfg = Release|Any CPU
		{4268D944-E72E-424D-94C8-BB2B6A15C4A3}.Release|Any CPU.Build.0 = Release|Any CPU
		{36A2E217-5FE8-4584-A2D6-83C135C0461E}.Debug|Any CPU.ActiveCfg = Debug|Any CPU
		{36A2E217-5FE8-4584-A2D6-83C135C0461E}.Debug|Any CPU.Build.0 = Debug|Any CPU
		{36A2E217-5FE8-4584-A2D6-83C135C0461E}.Release|Any CPU.ActiveCfg = Release|Any CPU
		{36A2E217-5FE8-4584-A2D6-83C135C0461E}.Release|Any CPU.Build.0 = Release|Any CPU
		{32A34410-F3BD-47AC-B79F-277876DDDE61}.Debug|Any CPU.ActiveCfg = Debug|Any CPU
		{32A34410-F3BD-47AC-B79F-277876DDDE61}.Debug|Any CPU.Build.0 = Debug|Any CPU
		{32A34410-F3BD-47AC-B79F-277876DDDE61}.Release|Any CPU.ActiveCfg = Release|Any CPU
		{32A34410-F3BD-47AC-B79F-277876DDDE61}.Release|Any CPU.Build.0 = Release|Any CPU
		{05A1A88A-D153-4D4B-9ADC-A5436B041912}.Debug|Any CPU.ActiveCfg = Debug|Any CPU
		{05A1A88A-D153-4D4B-9ADC-A5436B041912}.Debug|Any CPU.Build.0 = Debug|Any CPU
		{05A1A88A-D153-4D4B-9ADC-A5436B041912}.Release|Any CPU.ActiveCfg = Release|Any CPU
		{05A1A88A-D153-4D4B-9ADC-A5436B041912}.Release|Any CPU.Build.0 = Release|Any CPU
	EndGlobalSection
EndGlobal
